
Microsoft Visual Studio Solution File, Format Version 12.00
# Visual Studio Version 16
VisualStudioVersion = 16.0.31911.196
MinimumVisualStudioVersion = 10.0.40219.1
Project("{FAE04EC0-301F-11D3-BF4B-00C04F79EFBC}") = "WpfApp2", "WpfApp2\WpfApp2.csproj", "{7A113589-3BC5-448A-A1C1-5E81011B34DD}"
EndProject
Global
	GlobalSection(SolutionConfigurationPlatforms) = preSolution
		Debug|Any CPU = Debug|Any CPU
		Release|Any CPU = Release|Any CPU
	EndGlobalSection
	GlobalSection(ProjectConfigurationPlatforms) = postSolution
		{7A113589-3BC5-448A-A1C1-5E81011B34DD}.Debug|Any CPU.ActiveCfg = Debug|Any CPU
		{7A113589-3BC5-448A-A1C1-5E81011B34DD}.Debug|Any CPU.Build.0 = Debug|Any CPU
		{7A113589-3BC5-448A-A1C1-5E81011B34DD}.Release|Any CPU.ActiveCfg = Release|Any CPU
		{7A113589-3BC5-448A-A1C1-5E81011B34DD}.Release|Any CPU.Build.0 = Release|Any CPU
	EndGlobalSection
	GlobalSection(SolutionProperties) = preSolution
		HideSolutionNode = FALSE
	EndGlobalSection
	GlobalSection(ExtensibilityGlobals) = postSolution
		SolutionGuid = {E1DD67A3-97D8-4614-8143-73271479FFA1}
	EndGlobalSection
EndGlobal
